Microsoft Visual Studio Solution File, Format Version 12.00
# Visual Studio Version 17
VisualStudioVersion = 17.14.35806.103
MinimumVisualStudioVersion = 10.0.40219.1
Project("{FAE04EC0-301F-11D3-BF4B-00C04F79EFBC}") = "basic", "basic.csproj", "{CD82AAEA-4EA2-237F-3283-E63065207682}"
EndProject
Project("{FAE04EC0-301F-11D3-BF4B-00C04F79EFBC}") = "other", "other\other.csproj", "{A6699B4F-195B-7ABD-50D3-31BFC8CE5491}"
EndProject
Global
	GlobalSection(SolutionConfigurationPlatforms) = preSolution
		Debug|Any CPU = Debug|Any CPU
		Release|Any CPU = Release|Any CPU
	EndGlobalSection
	GlobalSection(ProjectConfigurationPlatforms) = postSolution
		{CD82AAEA-4EA2-237F-3283-E63065207682}.Debug|Any CPU.ActiveCfg = Debug|Any CPU
		{CD82AAEA-4EA2-237F-3283-E63065207682}.Debug|Any CPU.Build.0 = Debug|Any CPU
		{CD82AAEA-4EA2-237F-3283-E63065207682}.Release|Any CPU.ActiveCfg = Release|Any CPU
		{CD82AAEA-4EA2-237F-3283-E63065207682}.Release|Any CPU.Build.0 = Release|Any CPU
		{A6699B4F-195B-7ABD-50D3-31BFC8CE5491}.Debug|Any CPU.ActiveCfg = Debug|Any CPU
		{A6699B4F-195B-7ABD-50D3-31BFC8CE5491}.Debug|Any CPU.Build.0 = Debug|Any CPU
		{A6699B4F-195B-7ABD-50D3-31BFC8CE5491}.Release|Any CPU.ActiveCfg = Release|Any CPU
		{A6699B4F-195B-7ABD-50D3-31BFC8CE5491}.Release|Any CPU.Build.0 = Release|Any CPU
	EndGlobalSection
	GlobalSection(SolutionProperties) = preSolution
		HideSolutionNode = FALSE
	EndGlobalSection
	GlobalSection(ExtensibilityGlobals) = postSolution
		SolutionGuid = {B33A903D-51A7-4DFE-8AF2-17B6D52C8BD6}
	EndGlobalSection
EndGlobal
